
Microsoft Visual Studio Solution File, Format Version 12.00
# Visual Studio Version 17
VisualStudioVersion = 17.4.33205.214
MinimumVisualStudioVersion = 10.0.40219.1
Project("{FAE04EC0-301F-11D3-BF4B-00C04F79EFBC}") = "GitWeb", "GitWeb\GitWeb.csproj", "{7A01EE44-1B03-4F87-809D-6A834ABC5B1D}"
EndProject
Project("{FAE04EC0-301F-11D3-BF4B-00C04F79EFBC}") = "GitWeb.Data", "GitWeb.Data\GitWeb.Data.csproj", "{F2FACBBE-49DA-4FF7-9166-6F15C517C915}"
EndProject
Project("{FAE04EC0-301F-11D3-BF4B-00C04F79EFBC}") = "GitWeb.Domain", "GitWeb.Domain\GitWeb.Domain.csproj", "{EC6C74A8-C983-4EF2-816E-C3B09760005C}"
EndProject
Project("{FAE04EC0-301F-11D3-BF4B-00C04F79EFBC}") = "GitWeb.Service", "GitWeb.Service\GitWeb.Service.csproj", "{24D2FCB9-4F3A-47C5-AF12-08F2791E3CD6}"
EndProject
Global
	GlobalSection(SolutionConfigurationPlatforms) = preSolution
		Debug|Any CPU = Debug|Any CPU
		Release|Any CPU = Release|Any CPU
	EndGlobalSection
	GlobalSection(ProjectConfigurationPlatforms) = postSolution
		{7A01EE44-1B03-4F87-809D-6A834ABC5B1D}.Debug|Any CPU.ActiveCfg = Debug|Any CPU
		{7A01EE44-1B03-4F87-809D-6A834ABC5B1D}.Debug|Any CPU.Build.0 = Debug|Any CPU
		{7A01EE44-1B03-4F87-809D-6A834ABC5B1D}.Release|Any CPU.ActiveCfg = Release|Any CPU
		{7A01EE44-1B03-4F87-809D-6A834ABC5B1D}.Release|Any CPU.Build.0 = Release|Any CPU
		{F2FACBBE-49DA-4FF7-9166-6F15C517C915}.Debug|Any CPU.ActiveCfg = Debug|Any CPU
		{F2FACBBE-49DA-4FF7-9166-6F15C517C915}.Debug|Any CPU.Build.0 = Debug|Any CPU
		{F2FACBBE-49DA-4FF7-9166-6F15C517C915}.Release|Any CPU.ActiveCfg = Release|Any CPU
		{F2FACBBE-49DA-4FF7-9166-6F15C517C915}.Release|Any CPU.Build.0 = Release|Any CPU
		{EC6C74A8-C983-4EF2-816E-C3B09760005C}.Debug|Any CPU.ActiveCfg = Debug|Any CPU
		{EC6C74A8-C983-4EF2-816E-C3B09760005C}.Debug|Any CPU.Build.0 = Debug|Any CPU
		{EC6C74A8-C983-4EF2-816E-C3B09760005C}.Release|Any CPU.ActiveCfg = Release|Any CPU
		{EC6C74A8-C983-4EF2-816E-C3B09760005C}.Release|Any CPU.Build.0 = Release|Any CPU
		{24D2FCB9-4F3A-47C5-AF12-08F2791E3CD6}.Debug|Any CPU.ActiveCfg = Debug|Any CPU
		{24D2FCB9-4F3A-47C5-AF12-08F2791E3CD6}.Debug|Any CPU.Build.0 = Debug|Any CPU
		{24D2FCB9-4F3A-47C5-AF12-08F2791E3CD6}.Release|Any CPU.ActiveCfg = Release|Any CPU
		{24D2FCB9-4F3A-47C5-AF12-08F2791E3CD6}.Release|Any CPU.Build.0 = Release|Any CPU
	EndGlobalSection
	GlobalSection(SolutionProperties) = preSolution
		HideSolutionNode = FALSE
	EndGlobalSection
	GlobalSection(ExtensibilityGlobals) = postSolution
		SolutionGuid = {8685B0CC-9321-4172-B00F-38B254D43A19}
	EndGlobalSection
EndGlobal
